
Microsoft Visual Studio Solution File, Format Version 12.00
# Visual Studio Version 17
VisualStudioVersion = 17.1.32228.430
MinimumVisualStudioVersion = 10.0.40219.1
Project("{FAE04EC0-301F-11D3-BF4B-00C04F79EFBC}") = "SistemaInventario", "SistemaInventario\SistemaInventario.csproj", "{78774F60-C1E1-4872-B27C-FFB066A9AEE0}"
EndProject
Global
	GlobalSection(SolutionConfigurationPlatforms) = preSolution
		Debug|Any CPU = Debug|Any CPU
		Release|Any CPU = Release|Any CPU
	EndGlobalSection
	GlobalSection(ProjectConfigurationPlatforms) = postSolution
		{78774F60-C1E1-4872-B27C-FFB066A9AEE0}.Debug|Any CPU.ActiveCfg = Debug|Any CPU
		{78774F60-C1E1-4872-B27C-FFB066A9AEE0}.Debug|Any CPU.Build.0 = Debug|Any CPU
		{78774F60-C1E1-4872-B27C-FFB066A9AEE0}.Release|Any CPU.ActiveCfg = Release|Any CPU
		{78774F60-C1E1-4872-B27C-FFB066A9AEE0}.Release|Any CPU.Build.0 = Release|Any CPU
	EndGlobalSection
	GlobalSection(SolutionProperties) = preSolution
		HideSolutionNode = FALSE
	EndGlobalSection
	GlobalSection(ExtensibilityGlobals) = postSolution
		SolutionGuid = {CED3A179-9A77-46E6-941F-94D87951F3FC}
	EndGlobalSection
EndGlobal
